
Microsoft Visual Studio Solution File, Format Version 12.00
# Visual Studio Version 17
VisualStudioVersion = 17.0.31903.59
MinimumVisualStudioVersion = 10.0.40219.1
Project("{9A19103F-16F7-4668-BE54-9A1E7A4F7556}") = "Web", "Web\Web.csproj", "{51B3724F-0299-4B7A-8C00-85A3887C3280}"
EndProject
Project("{9A19103F-16F7-4668-BE54-9A1E7A4F7556}") = "BLL", "BLL\BLL.csproj", "{F857D1F1-8D79-4339-97CB-2D246C51348D}"
EndProject
Project("{9A19103F-16F7-4668-BE54-9A1E7A4F7556}") = "DAL", "DAL\DAL.csproj", "{58194BF7-A80D-4D31-BE65-582F5E388293}"
EndProject
Project("{2150E333-8FDC-42A3-9474-1A3956D46DE8}") = "Application", "Application", "{5E56DF32-7939-4602-9CD6-EEAD4E1F6DCE}"
EndProject
Project("{2150E333-8FDC-42A3-9474-1A3956D46DE8}") = "Tests", "Tests", "{0F611211-F28E-48F4-A95D-D37114EFB159}"
EndProject
Global
	GlobalSection(SolutionConfigurationPlatforms) = preSolution
		Debug|Any CPU = Debug|Any CPU
		Release|Any CPU = Release|Any CPU
	EndGlobalSection
	GlobalSection(ProjectConfigurationPlatforms) = postSolution
		{51B3724F-0299-4B7A-8C00-85A3887C3280}.Debug|Any CPU.ActiveCfg = Debug|Any CPU
		{51B3724F-0299-4B7A-8C00-85A3887C3280}.Debug|Any CPU.Build.0 = Debug|Any CPU
		{51B3724F-0299-4B7A-8C00-85A3887C3280}.Release|Any CPU.ActiveCfg = Release|Any CPU
		{51B3724F-0299-4B7A-8C00-85A3887C3280}.Release|Any CPU.Build.0 = Release|Any CPU
		{F857D1F1-8D79-4339-97CB-2D246C51348D}.Debug|Any CPU.ActiveCfg = Debug|Any CPU
		{F857D1F1-8D79-4339-97CB-2D246C51348D}.Debug|Any CPU.Build.0 = Debug|Any CPU
		{F857D1F1-8D79-4339-97CB-2D246C51348D}.Release|Any CPU.ActiveCfg = Release|Any CPU
		{F857D1F1-8D79-4339-97CB-2D246C51348D}.Release|Any CPU.Build.0 = Release|Any CPU
		{58194BF7-A80D-4D31-BE65-582F5E388293}.Debug|Any CPU.ActiveCfg = Debug|Any CPU
		{58194BF7-A80D-4D31-BE65-582F5E388293}.Debug|Any CPU.Build.0 = Debug|Any CPU
		{58194BF7-A80D-4D31-BE65-582F5E388293}.Release|Any CPU.ActiveCfg = Release|Any CPU
		{58194BF7-A80D-4D31-BE65-582F5E388293}.Release|Any CPU.Build.0 = Release|Any CPU
	EndGlobalSection
	GlobalSection(SolutionProperties) = preSolution
		HideSolutionNode = FALSE
	EndGlobalSection
	GlobalSection(NestedProjects) = preSolution
		{51B3724F-0299-4B7A-8C00-85A3887C3280} = {5E56DF32-7939-4602-9CD6-EEAD4E1F6DCE}
		{F857D1F1-8D79-4339-97CB-2D246C51348D} = {5E56DF32-7939-4602-9CD6-EEAD4E1F6DCE}
		{58194BF7-A80D-4D31-BE65-582F5E388293} = {5E56DF32-7939-4602-9CD6-EEAD4E1F6DCE}
	EndGlobalSection
	GlobalSection(ExtensibilityGlobals) = postSolution
		SolutionGuid = {828AAB50-B283-4E73-A2DF-CC2B980F0A8D}
	EndGlobalSection
EndGlobal
